
Microsoft Visual Studio Solution File, Format Version 12.00
# Visual Studio 15
VisualStudioVersion = 15.0.27428.2043
MinimumVisualStudioVersion = 10.0.40219.1
Project("{FAE04EC0-301F-11D3-BF4B-00C04F79EFBC}") = "ChatBot", "ChatBot\ChatBot.csproj", "{84C4994D-1DEB-4AE3-84E4-0BA14BBEF03B}"
EndProject
Project("{FAE04EC0-301F-11D3-BF4B-00C04F79EFBC}") = "Models", "Entities\Models.csproj", "{4AD0BA2B-2440-46E9-9ACD-F4031E8813D3}"
EndProject
Project("{FAE04EC0-301F-11D3-BF4B-00C04F79EFBC}") = "Rules", "Rules\Rules.csproj", "{5709498E-A22B-488A-8C8A-2806AEDD0060}"
EndProject
Project("{FAE04EC0-301F-11D3-BF4B-00C04F79EFBC}") = "Framework", "..\Framework\Framework.csproj", "{A2D6CDCD-735C-4EBC-8794-70BD8B3A0D16}"
EndProject
Project("{00D1A9C2-B5F0-4AF3-8072-F6C62B433612}") = "Database", "Database\Database.sqlproj", "{F60BDE63-4DF6-4B20-8945-AA61805E4AAB}"
EndProject
Global
	GlobalSection(SolutionConfigurationPlatforms) = preSolution
		Debug|Any CPU = Debug|Any CPU
		Release|Any CPU = Release|Any CPU
	EndGlobalSection
	GlobalSection(ProjectConfigurationPlatforms) = postSolution
		{84C4994D-1DEB-4AE3-84E4-0BA14BBEF03B}.Debug|Any CPU.ActiveCfg = Debug|Any CPU
		{84C4994D-1DEB-4AE3-84E4-0BA14BBEF03B}.Debug|Any CPU.Build.0 = Debug|Any CPU
		{84C4994D-1DEB-4AE3-84E4-0BA14BBEF03B}.Release|Any CPU.ActiveCfg = Release|Any CPU
		{84C4994D-1DEB-4AE3-84E4-0BA14BBEF03B}.Release|Any CPU.Build.0 = Release|Any CPU
		{4AD0BA2B-2440-46E9-9ACD-F4031E8813D3}.Debug|Any CPU.ActiveCfg = Debug|Any CPU
		{4AD0BA2B-2440-46E9-9ACD-F4031E8813D3}.Debug|Any CPU.Build.0 = Debug|Any CPU
		{4AD0BA2B-2440-46E9-9ACD-F4031E8813D3}.Release|Any CPU.ActiveCfg = Release|Any CPU
		{4AD0BA2B-2440-46E9-9ACD-F4031E8813D3}.Release|Any CPU.Build.0 = Release|Any CPU
		{5709498E-A22B-488A-8C8A-2806AEDD0060}.Debug|Any CPU.ActiveCfg = Debug|Any CPU
		{5709498E-A22B-488A-8C8A-2806AEDD0060}.Debug|Any CPU.Build.0 = Debug|Any CPU
		{5709498E-A22B-488A-8C8A-2806AEDD0060}.Release|Any CPU.ActiveCfg = Release|Any CPU
		{5709498E-A22B-488A-8C8A-2806AEDD0060}.Release|Any CPU.Build.0 = Release|Any CPU
		{A2D6CDCD-735C-4EBC-8794-70BD8B3A0D16}.Debug|Any CPU.ActiveCfg = Debug|Any CPU
		{A2D6CDCD-735C-4EBC-8794-70BD8B3A0D16}.Debug|Any CPU.Build.0 = Debug|Any CPU
		{A2D6CDCD-735C-4EBC-8794-70BD8B3A0D16}.Release|Any CPU.ActiveCfg = Release|Any CPU
		{A2D6CDCD-735C-4EBC-8794-70BD8B3A0D16}.Release|Any CPU.Build.0 = Release|Any CPU
		{F60BDE63-4DF6-4B20-8945-AA61805E4AAB}.Debug|Any CPU.ActiveCfg = Debug|Any CPU
		{F60BDE63-4DF6-4B20-8945-AA61805E4AAB}.Debug|Any CPU.Build.0 = Debug|Any CPU
		{F60BDE63-4DF6-4B20-8945-AA61805E4AAB}.Debug|Any CPU.Deploy.0 = Debug|Any CPU
		{F60BDE63-4DF6-4B20-8945-AA61805E4AAB}.Release|Any CPU.ActiveCfg = Release|Any CPU
		{F60BDE63-4DF6-4B20-8945-AA61805E4AAB}.Release|Any CPU.Build.0 = Release|Any CPU
		{F60BDE63-4DF6-4B20-8945-AA61805E4AAB}.Release|Any CPU.Deploy.0 = Release|Any CPU
	EndGlobalSection
	GlobalSection(SolutionProperties) = preSolution
		HideSolutionNode = FALSE
	EndGlobalSection
	GlobalSection(ExtensibilityGlobals) = postSolution
		SolutionGuid = {DB0F2400-F1EC-48E2-8E2D-73C19C1F9720}
	EndGlobalSection
EndGlobal
